// !$*UTF8*$!
{
	archiveVersion = 1;
	classes = {
	};
	objectVersion = 56;
	objects = {

/* Begin PBXBuildFile section */
		840626C82BCFE577004BFF8B /* DetailViewController.swift in Sources */ = {isa = PBXBuildFile; fileRef = 840626C72BCFE577004BFF8B /* DetailViewController.swift */; };
		842A59042BCE18B90002F439 /* SignupPresenterTests.swift in Sources */ = {isa = PBXBuildFile; fileRef = 842A59032BCE18B90002F439 /* SignupPresenterTests.swift */; };
		842A59062BCE1A660002F439 /* SignupFormModel.swift in Sources */ = {isa = PBXBuildFile; fileRef = 842A59052BCE1A660002F439 /* SignupFormModel.swift */; };
		842A59082BCE1B4F0002F439 /* SignupPresenter.swift in Sources */ = {isa = PBXBuildFile; fileRef = 842A59072BCE1B4F0002F439 /* SignupPresenter.swift */; };
		842A590A2BCE1C2F0002F439 /* MockSignupModelValidator.swift in Sources */ = {isa = PBXBuildFile; fileRef = 842A59092BCE1C2F0002F439 /* MockSignupModelValidator.swift */; };
		842A590C2BCE218C0002F439 /* SignupModelValidatorProtocol.swift in Sources */ = {isa = PBXBuildFile; fileRef = 842A590B2BCE218C0002F439 /* SignupModelValidatorProtocol.swift */; };
		842A59122BCE40B70002F439 /* MockSignupWebService.swift in Sources */ = {isa = PBXBuildFile; fileRef = 842A59112BCE40B70002F439 /* MockSignupWebService.swift */; };
		842A59142BCE418C0002F439 /* SignupWebServiceProtocol.swift in Sources */ = {isa = PBXBuildFile; fileRef = 842A59132BCE418C0002F439 /* SignupWebServiceProtocol.swift */; };
		842A59162BCE45960002F439 /* MockSignupViewDelegate.swift in Sources */ = {isa = PBXBuildFile; fileRef = 842A59152BCE45960002F439 /* MockSignupViewDelegate.swift */; };
		842A59182BCE47220002F439 /* SignupViewDelegate.swift in Sources */ = {isa = PBXBuildFile; fileRef = 842A59172BCE47220002F439 /* SignupViewDelegate.swift */; };
		842A591B2BCE76180002F439 /* SignupViewControllerTests.swift in Sources */ = {isa = PBXBuildFile; fileRef = 842A591A2BCE76180002F439 /* SignupViewControllerTests.swift */; };
		842A591D2BCE77F30002F439 /* SignupViewController.swift in Sources */ = {isa = PBXBuildFile; fileRef = 842A591C2BCE77F30002F439 /* SignupViewController.swift */; };
		842A591F2BCE91BF0002F439 /* MockSignupPresenter.swift in Sources */ = {isa = PBXBuildFile; fileRef = 842A591E2BCE91BF0002F439 /* MockSignupPresenter.swift */; };
		842A59212BCE91E10002F439 /* SignupPresenterProtocol.swift in Sources */ = {isa = PBXBuildFile; fileRef = 842A59202BCE91E10002F439 /* SignupPresenterProtocol.swift */; };
		84329A172BC81371001D2C39 /* AppDelegate.swift in Sources */ = {isa = PBXBuildFile; fileRef = 84329A162BC81371001D2C39 /* AppDelegate.swift */; };
		84329A192BC81371001D2C39 /* SceneDelegate.swift in Sources */ = {isa = PBXBuildFile; fileRef = 84329A182BC81371001D2C39 /* SceneDelegate.swift */; };
		84329A1E2BC81371001D2C39 /* Base in Resources */ = {isa = PBXBuildFile; fileRef = 84329A1D2BC81371001D2C39 /* Base */; };
		84329A202BC81372001D2C39 /* Assets.xcassets in Resources */ = {isa = PBXBuildFile; fileRef = 84329A1F2BC81372001D2C39 /* Assets.xcassets */; };
		84329A232BC81372001D2C39 /* Base in Resources */ = {isa = PBXBuildFile; fileRef = 84329A222BC81372001D2C39 /* Base */; };
		84329A472BC817B5001D2C39 /* SignupFromModelValidatorTests.swift in Sources */ = {isa = PBXBuildFile; fileRef = 84329A462BC817B5001D2C39 /* SignupFromModelValidatorTests.swift */; };
		84329A492BC81A74001D2C39 /* SignupFromModelValidator.swift in Sources */ = {isa = PBXBuildFile; fileRef = 84329A482BC81A74001D2C39 /* SignupFromModelValidator.swift */; };
		84329A4C2BC822DF001D2C39 /* SignupConstanats.swift in Sources */ = {isa = PBXBuildFile; fileRef = 84329A4B2BC822DF001D2C39 /* SignupConstanats.swift */; };
		84329A4E2BCA38D2001D2C39 /* SignupWebSeviceTests.swift in Sources */ = {isa = PBXBuildFile; fileRef = 84329A4D2BCA38D2001D2C39 /* SignupWebSeviceTests.swift */; };
		84329A502BCA3A8E001D2C39 /* SignupWebService.swift in Sources */ = {isa = PBXBuildFile; fileRef = 84329A4F2BCA3A8E001D2C39 /* SignupWebService.swift */; };
		84329A522BCA3C26001D2C39 /* SignupFormRequestModel.swift in Sources */ = {isa = PBXBuildFile; fileRef = 84329A512BCA3C26001D2C39 /* SignupFormRequestModel.swift */; };
		84329A542BCA3E03001D2C39 /* SignupResponseModel.swift in Sources */ = {isa = PBXBuildFile; fileRef = 84329A532BCA3E03001D2C39 /* SignupResponseModel.swift */; };
		84329A562BCA3E78001D2C39 /* SignupError.swift in Sources */ = {isa = PBXBuildFile; fileRef = 84329A552BCA3E78001D2C39 /* SignupError.swift */; };
		84329A612BCBB7FE001D2C39 /* MockURLProtocol.swift in Sources */ = {isa = PBXBuildFile; fileRef = 84329A602BCBB7FE001D2C39 /* MockURLProtocol.swift */; };
		849CD3712BD21D000023A119 /* SignupFlowUITests.swift in Sources */ = {isa = PBXBuildFile; fileRef = 849CD3702BD21D000023A119 /* SignupFlowUITests.swift */; };
		849CD3732BD21D000023A119 /* PhotoAppUITestsLaunchTests.swift in Sources */ = {isa = PBXBuildFile; fileRef = 849CD3722BD21D000023A119 /* PhotoAppUITestsLaunchTests.swift */; };
/* End PBXBuildFile section */

/* Begin PBXContainerItemProxy section */
		84329A2A2BC81372001D2C39 /* PBXContainerItemProxy */ = {
			isa = PBXContainerItemProxy;
			containerPortal = 84329A0B2BC81371001D2C39 /* Project object */;
			proxyType = 1;
			remoteGlobalIDString = 84329A122BC81371001D2C39;
			remoteInfo = PhotoApp;
		};
		849CD3742BD21D000023A119 /* PBXContainerItemProxy */ = {
			isa = PBXContainerItemProxy;
			containerPortal = 84329A0B2BC81371001D2C39 /* Project object */;
			proxyType = 1;
			remoteGlobalIDString = 84329A122BC81371001D2C39;
			remoteInfo = PhotoApp;
		};
/* End PBXContainerItemProxy section */

/* Begin PBXFileReference section */
		840626C72BCFE577004BFF8B /* DetailViewController.swift */ = {isa = PBXFileReference; lastKnownFileType = sourcecode.swift; path = DetailViewController.swift; sourceTree = "<group>"; };
		8423A06B2BD48DBB0082544D /* PhotoApp-UiTestPlan.xctestplan */ = {isa = PBXFileReference; lastKnownFileType = text; path = "PhotoApp-UiTestPlan.xctestplan"; sourceTree = "<group>"; };
		8423A06C2BD4A7FF0082544D /* PhotoApp-UnitTestPlan.xctestplan */ = {isa = PBXFileReference; lastKnownFileType = text; path = "PhotoApp-UnitTestPlan.xctestplan"; sourceTree = "<group>"; };
		8423A06D2BD4A8700082544D /* PhotoApp-MainTestPlan.xctestplan */ = {isa = PBXFileReference; lastKnownFileType = text; path = "PhotoApp-MainTestPlan.xctestplan"; sourceTree = "<group>"; };
		842A59032BCE18B90002F439 /* SignupPresenterTests.swift */ = {isa = PBXFileReference; lastKnownFileType = sourcecode.swift; path = SignupPresenterTests.swift; sourceTree = "<group>"; };
		842A59052BCE1A660002F439 /* SignupFormModel.swift */ = {isa = PBXFileReference; lastKnownFileType = sourcecode.swift; path = SignupFormModel.swift; sourceTree = "<group>"; };
		842A59072BCE1B4F0002F439 /* SignupPresenter.swift */ = {isa = PBXFileReference; lastKnownFileType = sourcecode.swift; path = SignupPresenter.swift; sourceTree = "<group>"; };
		842A59092BCE1C2F0002F439 /* MockSignupModelValidator.swift */ = {isa = PBXFileReference; lastKnownFileType = sourcecode.swift; path = MockSignupModelValidator.swift; sourceTree = "<group>"; };
		842A590B2BCE218C0002F439 /* SignupModelValidatorProtocol.swift */ = {isa = PBXFileReference; lastKnownFileType = sourcecode.swift; path = SignupModelValidatorProtocol.swift; sourceTree = "<group>"; };
		842A59112BCE40B70002F439 /* MockSignupWebService.swift */ = {isa = PBXFileReference; lastKnownFileType = sourcecode.swift; path = MockSignupWebService.swift; sourceTree = "<group>"; };
		842A59132BCE418C0002F439 /* SignupWebServiceProtocol.swift */ = {isa = PBXFileReference; lastKnownFileType = sourcecode.swift; path = SignupWebServiceProtocol.swift; sourceTree = "<group>"; };
		842A59152BCE45960002F439 /* MockSignupViewDelegate.swift */ = {isa = PBXFileReference; lastKnownFileType = sourcecode.swift; path = MockSignupViewDelegate.swift; sourceTree = "<group>"; };
		842A59172BCE47220002F439 /* SignupViewDelegate.swift */ = {isa = PBXFileReference; lastKnownFileType = sourcecode.swift; path = SignupViewDelegate.swift; sourceTree = "<group>"; };
		842A591A2BCE76180002F439 /* SignupViewControllerTests.swift */ = {isa = PBXFileReference; lastKnownFileType = sourcecode.swift; path = SignupViewControllerTests.swift; sourceTree = "<group>"; };
		842A591C2BCE77F30002F439 /* SignupViewController.swift */ = {isa = PBXFileReference; lastKnownFileType = sourcecode.swift; path = SignupViewController.swift; sourceTree = "<group>"; };
		842A591E2BCE91BF0002F439 /* MockSignupPresenter.swift */ = {isa = PBXFileReference; lastKnownFileType = sourcecode.swift; path = MockSignupPresenter.swift; sourceTree = "<group>"; };
		842A59202BCE91E10002F439 /* SignupPresenterProtocol.swift */ = {isa = PBXFileReference; lastKnownFileType = sourcecode.swift; path = SignupPresenterProtocol.swift; sourceTree = "<group>"; };
		84329A132BC81371001D2C39 /* PhotoApp.app */ = {isa = PBXFileReference; explicitFileType = wrapper.application; includeInIndex = 0; path = PhotoApp.app; sourceTree = BUILT_PRODUCTS_DIR; };
		84329A162BC81371001D2C39 /* AppDelegate.swift */ = {isa = PBXFileReference; lastKnownFileType = sourcecode.swift; path = AppDelegate.swift; sourceTree = "<group>"; };
		84329A182BC81371001D2C39 /* SceneDelegate.swift */ = {isa = PBXFileReference; lastKnownFileType = sourcecode.swift; path = SceneDelegate.swift; sourceTree = "<group>"; };
		84329A1D2BC81371001D2C39 /* Base */ = {isa = PBXFileReference; lastKnownFileType = file.storyboard; name = Base; path = Base.lproj/Main.storyboard; sourceTree = "<group>"; };
		84329A1F2BC81372001D2C39 /* Assets.xcassets */ = {isa = PBXFileReference; lastKnownFileType = folder.assetcatalog; path = Assets.xcassets; sourceTree = "<group>"; };
		84329A222BC81372001D2C39 /* Base */ = {isa = PBXFileReference; lastKnownFileType = file.storyboard; name = Base; path = Base.lproj/LaunchScreen.storyboard; sourceTree = "<group>"; };
		84329A242BC81372001D2C39 /* Info.plist */ = {isa = PBXFileReference; lastKnownFileType = text.plist.xml; path = Info.plist; sourceTree = "<group>"; };
		84329A292BC81372001D2C39 /* PhotoAppTests.xctest */ = {isa = PBXFileReference; explicitFileType = wrapper.cfbundle; includeInIndex = 0; path = PhotoAppTests.xctest; sourceTree = BUILT_PRODUCTS_DIR; };
		84329A462BC817B5001D2C39 /* SignupFromModelValidatorTests.swift */ = {isa = PBXFileReference; lastKnownFileType = sourcecode.swift; path = SignupFromModelValidatorTests.swift; sourceTree = "<group>"; };
		84329A482BC81A74001D2C39 /* SignupFromModelValidator.swift */ = {isa = PBXFileReference; lastKnownFileType = sourcecode.swift; path = SignupFromModelValidator.swift; sourceTree = "<group>"; };
		84329A4B2BC822DF001D2C39 /* SignupConstanats.swift */ = {isa = PBXFileReference; lastKnownFileType = sourcecode.swift; path = SignupConstanats.swift; sourceTree = "<group>"; };
		84329A4D2BCA38D2001D2C39 /* SignupWebSeviceTests.swift */ = {isa = PBXFileReference; lastKnownFileType = sourcecode.swift; path = SignupWebSeviceTests.swift; sourceTree = "<group>"; };
		84329A4F2BCA3A8E001D2C39 /* SignupWebService.swift */ = {isa = PBXFileReference; lastKnownFileType = sourcecode.swift; path = SignupWebService.swift; sourceTree = "<group>"; };
		84329A512BCA3C26001D2C39 /* SignupFormRequestModel.swift */ = {isa = PBXFileReference; lastKnownFileType = sourcecode.swift; path = SignupFormRequestModel.swift; sourceTree = "<group>"; };
		84329A532BCA3E03001D2C39 /* SignupResponseModel.swift */ = {isa = PBXFileReference; lastKnownFileType = sourcecode.swift; path = SignupResponseModel.swift; sourceTree = "<group>"; };
		84329A552BCA3E78001D2C39 /* SignupError.swift */ = {isa = PBXFileReference; lastKnownFileType = sourcecode.swift; path = SignupError.swift; sourceTree = "<group>"; };
		84329A602BCBB7FE001D2C39 /* MockURLProtocol.swift */ = {isa = PBXFileReference; lastKnownFileType = sourcecode.swift; path = MockURLProtocol.swift; sourceTree = "<group>"; };
		849CD36E2BD21D000023A119 /* PhotoAppUITests.xctest */ = {isa = PBXFileReference; explicitFileType = wrapper.cfbundle; includeInIndex = 0; path = PhotoAppUITests.xctest; sourceTree = BUILT_PRODUCTS_DIR; };
		849CD3702BD21D000023A119 /* SignupFlowUITests.swift */ = {isa = PBXFileReference; lastKnownFileType = sourcecode.swift; path = SignupFlowUITests.swift; sourceTree = "<group>"; };
		849CD3722BD21D000023A119 /* PhotoAppUITestsLaunchTests.swift */ = {isa = PBXFileReference; lastKnownFileType = sourcecode.swift; path = PhotoAppUITestsLaunchTests.swift; sourceTree = "<group>"; };
/* End PBXFileReference section */

/* Begin PBXFrameworksBuildPhase section */
		84329A102BC81371001D2C39 /* Frameworks */ = {
			isa = PBXFrameworksBuildPhase;
			buildActionMask = 2147483647;
			files = (
			);
			runOnlyForDeploymentPostprocessing = 0;
		};
		84329A262BC81372001D2C39 /* Frameworks */ = {
			isa = PBXFrameworksBuildPhase;
			buildActionMask = 2147483647;
			files = (
			);
			runOnlyForDeploymentPostprocessing = 0;
		};
		849CD36B2BD21D000023A119 /* Frameworks */ = {
			isa = PBXFrameworksBuildPhase;
			buildActionMask = 2147483647;
			files = (
			);
			runOnlyForDeploymentPostprocessing = 0;
		};
/* End PBXFrameworksBuildPhase section */

/* Begin PBXGroup section */
		840626C62BCFE55C004BFF8B /* Detail */ = {
			isa = PBXGroup;
			children = (
				840626C72BCFE577004BFF8B /* DetailViewController.swift */,
			);
			name = Detail;
			sourceTree = "<group>";
		};
		842A590D2BCE3E830002F439 /* Presenter */ = {
			isa = PBXGroup;
			children = (
				842A59072BCE1B4F0002F439 /* SignupPresenter.swift */,
				842A59202BCE91E10002F439 /* SignupPresenterProtocol.swift */,
			);
			name = Presenter;
			sourceTree = "<group>";
		};
		842A590E2BCE3EAE0002F439 /* Validator */ = {
			isa = PBXGroup;
			children = (
				842A590B2BCE218C0002F439 /* SignupModelValidatorProtocol.swift */,
				84329A482BC81A74001D2C39 /* SignupFromModelValidator.swift */,
			);
			name = Validator;
			sourceTree = "<group>";
		};
		842A590F2BCE3F030002F439 /* Presenter */ = {
			isa = PBXGroup;
			children = (
				842A59032BCE18B90002F439 /* SignupPresenterTests.swift */,
			);
			path = Presenter;
			sourceTree = "<group>";
		};
		842A59102BCE3F160002F439 /* Mocks */ = {
			isa = PBXGroup;
			children = (
				84329A602BCBB7FE001D2C39 /* MockURLProtocol.swift */,
				842A59092BCE1C2F0002F439 /* MockSignupModelValidator.swift */,
				842A59112BCE40B70002F439 /* MockSignupWebService.swift */,
				842A59152BCE45960002F439 /* MockSignupViewDelegate.swift */,
				842A591E2BCE91BF0002F439 /* MockSignupPresenter.swift */,
			);
			path = Mocks;
			sourceTree = "<group>";
		};
		842A59192BCE75F20002F439 /* View */ = {
			isa = PBXGroup;
			children = (
				842A591A2BCE76180002F439 /* SignupViewControllerTests.swift */,
			);
			path = View;
			sourceTree = "<group>";
		};
		84329A0A2BC81371001D2C39 = {
			isa = PBXGroup;
			children = (
				8423A06D2BD4A8700082544D /* PhotoApp-MainTestPlan.xctestplan */,
				84329A152BC81371001D2C39 /* PhotoApp */,
				84329A2C2BC81372001D2C39 /* PhotoAppTests */,
				849CD36F2BD21D000023A119 /* PhotoAppUITests */,
				84329A142BC81371001D2C39 /* Products */,
			);
			sourceTree = "<group>";
		};
		84329A142BC81371001D2C39 /* Products */ = {
			isa = PBXGroup;
			children = (
				84329A132BC81371001D2C39 /* PhotoApp.app */,
				84329A292BC81372001D2C39 /* PhotoAppTests.xctest */,
				849CD36E2BD21D000023A119 /* PhotoAppUITests.xctest */,
			);
			name = Products;
			sourceTree = "<group>";
		};
		84329A152BC81371001D2C39 /* PhotoApp */ = {
			isa = PBXGroup;
			children = (
				84329A5C2BCA3F7B001D2C39 /* App */,
				84329A4A2BC81A83001D2C39 /* SupportFIle */,
				84329A572BCA3EE0001D2C39 /* Signup */,
				840626C62BCFE55C004BFF8B /* Detail */,
			);
			path = PhotoApp;
			sourceTree = "<group>";
		};
		84329A2C2BC81372001D2C39 /* PhotoAppTests */ = {
			isa = PBXGroup;
			children = (
				8423A06C2BD4A7FF0082544D /* PhotoApp-UnitTestPlan.xctestplan */,
				84329A5D2BCA3FB7001D2C39 /* Signup */,
			);
			path = PhotoAppTests;
			sourceTree = "<group>";
		};
		84329A4A2BC81A83001D2C39 /* SupportFIle */ = {
			isa = PBXGroup;
			children = (
				84329A1F2BC81372001D2C39 /* Assets.xcassets */,
				84329A212BC81372001D2C39 /* LaunchScreen.storyboard */,
				84329A242BC81372001D2C39 /* Info.plist */,
			);
			name = SupportFIle;
			sourceTree = "<group>";
		};
		84329A572BCA3EE0001D2C39 /* Signup */ = {
			isa = PBXGroup;
			children = (
				842A590D2BCE3E830002F439 /* Presenter */,
				84329A5B2BCA3F60001D2C39 /* Network */,
				84329A5A2BCA3F2F001D2C39 /* View */,
				84329A582BCA3EF1001D2C39 /* Models */,
			);
			name = Signup;
			sourceTree = "<group>";
		};
		84329A582BCA3EF1001D2C39 /* Models */ = {
			isa = PBXGroup;
			children = (
				842A590E2BCE3EAE0002F439 /* Validator */,
				84329A4B2BC822DF001D2C39 /* SignupConstanats.swift */,
				84329A512BCA3C26001D2C39 /* SignupFormRequestModel.swift */,
				84329A532BCA3E03001D2C39 /* SignupResponseModel.swift */,
				84329A552BCA3E78001D2C39 /* SignupError.swift */,
				842A59052BCE1A660002F439 /* SignupFormModel.swift */,
			);
			name = Models;
			sourceTree = "<group>";
		};
		84329A5A2BCA3F2F001D2C39 /* View */ = {
			isa = PBXGroup;
			children = (
				842A59172BCE47220002F439 /* SignupViewDelegate.swift */,
				842A591C2BCE77F30002F439 /* SignupViewController.swift */,
			);
			name = View;
			sourceTree = "<group>";
		};
		84329A5B2BCA3F60001D2C39 /* Network */ = {
			isa = PBXGroup;
			children = (
				84329A4F2BCA3A8E001D2C39 /* SignupWebService.swift */,
				842A59132BCE418C0002F439 /* SignupWebServiceProtocol.swift */,
			);
			name = Network;
			sourceTree = "<group>";
		};
		84329A5C2BCA3F7B001D2C39 /* App */ = {
			isa = PBXGroup;
			children = (
				84329A162BC81371001D2C39 /* AppDelegate.swift */,
				84329A182BC81371001D2C39 /* SceneDelegate.swift */,
				84329A1C2BC81371001D2C39 /* Main.storyboard */,
			);
			path = App;
			sourceTree = "<group>";
		};
		84329A5D2BCA3FB7001D2C39 /* Signup */ = {
			isa = PBXGroup;
			children = (
				842A590F2BCE3F030002F439 /* Presenter */,
				842A59192BCE75F20002F439 /* View */,
				842A59102BCE3F160002F439 /* Mocks */,
				84329A5F2BCA3FC4001D2C39 /* Network */,
				84329A5E2BCA3FBE001D2C39 /* Models */,
			);
			path = Signup;
			sourceTree = "<group>";
		};
		84329A5E2BCA3FBE001D2C39 /* Models */ = {
			isa = PBXGroup;
			children = (
				84329A462BC817B5001D2C39 /* SignupFromModelValidatorTests.swift */,
			);
			path = Models;
			sourceTree = "<group>";
		};
		84329A5F2BCA3FC4001D2C39 /* Network */ = {
			isa = PBXGroup;
			children = (
				84329A4D2BCA38D2001D2C39 /* SignupWebSeviceTests.swift */,
			);
			path = Network;
			sourceTree = "<group>";
		};
		849CD36F2BD21D000023A119 /* PhotoAppUITests */ = {
			isa = PBXGroup;
			children = (
				8423A06B2BD48DBB0082544D /* PhotoApp-UiTestPlan.xctestplan */,
				849CD3702BD21D000023A119 /* SignupFlowUITests.swift */,
				849CD3722BD21D000023A119 /* PhotoAppUITestsLaunchTests.swift */,
			);
			path = PhotoAppUITests;
			sourceTree = "<group>";
		};
/* End PBXGroup section */

/* Begin PBXNativeTarget section */
		84329A122BC81371001D2C39 /* PhotoApp */ = {
			isa = PBXNativeTarget;
			buildConfigurationList = 84329A3D2BC81372001D2C39 /* Build configuration list for PBXNativeTarget "PhotoApp" */;
			buildPhases = (
				84329A0F2BC81371001D2C39 /* Sources */,
				84329A102BC81371001D2C39 /* Frameworks */,
				84329A112BC81371001D2C39 /* Resources */,
			);
			buildRules = (
			);
			dependencies = (
			);
			name = PhotoApp;
			productName = PhotoApp;
			productReference = 84329A132BC81371001D2C39 /* PhotoApp.app */;
			productType = "com.apple.product-type.application";
		};
		84329A282BC81372001D2C39 /* PhotoAppTests */ = {
			isa = PBXNativeTarget;
			buildConfigurationList = 84329A402BC81372001D2C39 /* Build configuration list for PBXNativeTarget "PhotoAppTests" */;
			buildPhases = (
				84329A252BC81372001D2C39 /* Sources */,
				84329A262BC81372001D2C39 /* Frameworks */,
				84329A272BC81372001D2C39 /* Resources */,
			);
			buildRules = (
			);
			dependencies = (
				84329A2B2BC81372001D2C39 /* PBXTargetDependency */,
			);
			name = PhotoAppTests;
			productName = PhotoAppTests;
			productReference = 84329A292BC81372001D2C39 /* PhotoAppTests.xctest */;
			productType = "com.apple.product-type.bundle.unit-test";
		};
		849CD36D2BD21D000023A119 /* PhotoAppUITests */ = {
			isa = PBXNativeTarget;
			buildConfigurationList = 849CD3782BD21D000023A119 /* Build configuration list for PBXNativeTarget "PhotoAppUITests" */;
			buildPhases = (
				849CD36A2BD21D000023A119 /* Sources */,
				849CD36B2BD21D000023A119 /* Frameworks */,
				849CD36C2BD21D000023A119 /* Resources */,
			);
			buildRules = (
			);
			dependencies = (
				849CD3752BD21D000023A119 /* PBXTargetDependency */,
			);
			name = PhotoAppUITests;
			productName = PhotoAppUITests;
			productReference = 849CD36E2BD21D000023A119 /* PhotoAppUITests.xctest */;
			productType = "com.apple.product-type.bundle.ui-testing";
		};
/* End PBXNativeTarget section */

/* Begin PBXProject section */
		84329A0B2BC81371001D2C39 /* Project object */ = {
			isa = PBXProject;
			attributes = {
				BuildIndependentTargetsInParallel = 1;
				LastSwiftUpdateCheck = 1530;
				LastUpgradeCheck = 1530;
				TargetAttributes = {
					84329A122BC81371001D2C39 = {
						CreatedOnToolsVersion = 15.3;
					};
					84329A282BC81372001D2C39 = {
						CreatedOnToolsVersion = 15.3;
						LastSwiftMigration = 1530;
						TestTargetID = 84329A122BC81371001D2C39;
					};
					849CD36D2BD21D000023A119 = {
						CreatedOnToolsVersion = 15.3;
						TestTargetID = 84329A122BC81371001D2C39;
					};
				};
			};
			buildConfigurationList = 84329A0E2BC81371001D2C39 /* Build configuration list for PBXProject "PhotoApp" */;
			compatibilityVersion = "Xcode 14.0";
			developmentRegion = en;
			hasScannedForEncodings = 0;
			knownRegions = (
				en,
				Base,
			);
			mainGroup = 84329A0A2BC81371001D2C39;
			productRefGroup = 84329A142BC81371001D2C39 /* Products */;
			projectDirPath = "";
			projectRoot = "";
			targets = (
				84329A122BC81371001D2C39 /* PhotoApp */,
				84329A282BC81372001D2C39 /* PhotoAppTests */,
				849CD36D2BD21D000023A119 /* PhotoAppUITests */,
			);
		};
/* End PBXProject section */

/* Begin PBXResourcesBuildPhase section */
		84329A112BC81371001D2C39 /* Resources */ = {
			isa = PBXResourcesBuildPhase;
			buildActionMask = 2147483647;
			files = (
				84329A202BC81372001D2C39 /* Assets.xcassets in Resources */,
				84329A232BC81372001D2C39 /* Base in Resources */,
				84329A1E2BC81371001D2C39 /* Base in Resources */,
			);
			runOnlyForDeploymentPostprocessing = 0;
		};
		84329A272BC81372001D2C39 /* Resources */ = {
			isa = PBXResourcesBuildPhase;
			buildActionMask = 2147483647;
			files = (
			);
			runOnlyForDeploymentPostprocessing = 0;
		};
		849CD36C2BD21D000023A119 /* Resources */ = {
			isa = PBXResourcesBuildPhase;
			buildActionMask = 2147483647;
			files = (
			);
			runOnlyForDeploymentPostprocessing = 0;
		};
/* End PBXResourcesBuildPhase section */

/* Begin PBXSourcesBuildPhase section */
		84329A0F2BC81371001D2C39 /* Sources */ = {
			isa = PBXSourcesBuildPhase;
			buildActionMask = 2147483647;
			files = (
				842A59212BCE91E10002F439 /* SignupPresenterProtocol.swift in Sources */,
				842A59082BCE1B4F0002F439 /* SignupPresenter.swift in Sources */,
				84329A4C2BC822DF001D2C39 /* SignupConstanats.swift in Sources */,
				842A59182BCE47220002F439 /* SignupViewDelegate.swift in Sources */,
				84329A562BCA3E78001D2C39 /* SignupError.swift in Sources */,
				84329A542BCA3E03001D2C39 /* SignupResponseModel.swift in Sources */,
				84329A172BC81371001D2C39 /* AppDelegate.swift in Sources */,
				840626C82BCFE577004BFF8B /* DetailViewController.swift in Sources */,
				842A59062BCE1A660002F439 /* SignupFormModel.swift in Sources */,
				84329A492BC81A74001D2C39 /* SignupFromModelValidator.swift in Sources */,
				842A591D2BCE77F30002F439 /* SignupViewController.swift in Sources */,
				842A590C2BCE218C0002F439 /* SignupModelValidatorProtocol.swift in Sources */,
				84329A522BCA3C26001D2C39 /* SignupFormRequestModel.swift in Sources */,
				842A59142BCE418C0002F439 /* SignupWebServiceProtocol.swift in Sources */,
				84329A502BCA3A8E001D2C39 /* SignupWebService.swift in Sources */,
				84329A192BC81371001D2C39 /* SceneDelegate.swift in Sources */,
			);
			runOnlyForDeploymentPostprocessing = 0;
		};
		84329A252BC81372001D2C39 /* Sources */ = {
			isa = PBXSourcesBuildPhase;
			buildActionMask = 2147483647;
			files = (
				842A591F2BCE91BF0002F439 /* MockSignupPresenter.swift in Sources */,
				842A59122BCE40B70002F439 /* MockSignupWebService.swift in Sources */,
				84329A612BCBB7FE001D2C39 /* MockURLProtocol.swift in Sources */,
				84329A472BC817B5001D2C39 /* SignupFromModelValidatorTests.swift in Sources */,
				842A59042BCE18B90002F439 /* SignupPresenterTests.swift in Sources */,
				842A591B2BCE76180002F439 /* SignupViewControllerTests.swift in Sources */,
				842A590A2BCE1C2F0002F439 /* MockSignupModelValidator.swift in Sources */,
				84329A4E2BCA38D2001D2C39 /* SignupWebSeviceTests.swift in Sources */,
				842A59162BCE45960002F439 /* MockSignupViewDelegate.swift in Sources */,
			);
			runOnlyForDeploymentPostprocessing = 0;
		};
		849CD36A2BD21D000023A119 /* Sources */ = {
			isa = PBXSourcesBuildPhase;
			buildActionMask = 2147483647;
			files = (
				849CD3732BD21D000023A119 /* PhotoAppUITestsLaunchTests.swift in Sources */,
				849CD3712BD21D000023A119 /* SignupFlowUITests.swift in Sources */,
			);
			runOnlyForDeploymentPostprocessing = 0;
		};
/* End PBXSourcesBuildPhase section */

/* Begin PBXTargetDependency section */
		84329A2B2BC81372001D2C39 /* PBXTargetDependency */ = {
			isa = PBXTargetDependency;
			target = 84329A122BC81371001D2C39 /* PhotoApp */;
			targetProxy = 84329A2A2BC81372001D2C39 /* PBXContainerItemProxy */;
		};
		849CD3752BD21D000023A119 /* PBXTargetDependency */ = {
			isa = PBXTargetDependency;
			target = 84329A122BC81371001D2C39 /* PhotoApp */;
			targetProxy = 849CD3742BD21D000023A119 /* PBXContainerItemProxy */;
		};
/* End PBXTargetDependency section */

/* Begin PBXVariantGroup section */
		84329A1C2BC81371001D2C39 /* Main.storyboard */ = {
			isa = PBXVariantGroup;
			children = (
				84329A1D2BC81371001D2C39 /* Base */,
			);
			name = Main.storyboard;
			sourceTree = "<group>";
		};
		84329A212BC81372001D2C39 /* LaunchScreen.storyboard */ = {
			isa = PBXVariantGroup;
			children = (
				84329A222BC81372001D2C39 /* Base */,
			);
			name = LaunchScreen.storyboard;
			sourceTree = "<group>";
		};
/* End PBXVariantGroup section */

/* Begin XCBuildConfiguration section */
		84329A3B2BC81372001D2C39 /* Debug */ = {
			isa = XCBuildConfiguration;
			buildSettings = {
				ALWAYS_SEARCH_USER_PATHS = NO;
				ASSETCATALOG_COMPILER_GENERATE_SWIFT_ASSET_SYMBOL_EXTENSIONS = YES;
				CLANG_ANALYZER_NONNULL = YES;
				CLANG_ANALYZER_NUMBER_OBJECT_CONVERSION = YES_AGGRESSIVE;
				CLANG_CXX_LANGUAGE_STANDARD = "gnu++20";
				CLANG_ENABLE_MODULES = YES;
				CLANG_ENABLE_OBJC_ARC = YES;
				CLANG_ENABLE_OBJC_WEAK = YES;
				CLANG_WARN_BLOCK_CAPTURE_AUTORELEASING = YES;
				CLANG_WARN_BOOL_CONVERSION = YES;
				CLANG_WARN_COMMA = YES;
				CLANG_WARN_CONSTANT_CONVERSION = YES;
				CLANG_WARN_DEPRECATED_OBJC_IMPLEMENTATIONS = YES;
				CLANG_WARN_DIRECT_OBJC_ISA_USAGE = YES_ERROR;
				CLANG_WARN_DOCUMENTATION_COMMENTS = YES;
				CLANG_WARN_EMPTY_BODY = YES;
				CLANG_WARN_ENUM_CONVERSION = YES;
				CLANG_WARN_INFINITE_RECURSION = YES;
				CLANG_WARN_INT_CONVERSION = YES;
				CLANG_WARN_NON_LITERAL_NULL_CONVERSION = YES;
				CLANG_WARN_OBJC_IMPLICIT_RETAIN_SELF = YES;
				CLANG_WARN_OBJC_LITERAL_CONVERSION = YES;
				CLANG_WARN_OBJC_ROOT_CLASS = YES_ERROR;
				CLANG_WARN_QUOTED_INCLUDE_IN_FRAMEWORK_HEADER = YES;
				CLANG_WARN_RANGE_LOOP_ANALYSIS = YES;
				CLANG_WARN_STRICT_PROTOTYPES = YES;
				CLANG_WARN_SUSPICIOUS_MOVE = YES;
				CLANG_WARN_UNGUARDED_AVAILABILITY = YES_AGGRESSIVE;
				CLANG_WARN_UNREACHABLE_CODE = YES;
				CLANG_WARN__DUPLICATE_METHOD_MATCH = YES;
				COPY_PHASE_STRIP = NO;
				DEBUG_INFORMATION_FORMAT = dwarf;
				ENABLE_STRICT_OBJC_MSGSEND = YES;
				ENABLE_TESTABILITY = YES;
				ENABLE_USER_SCRIPT_SANDBOXING = YES;
				GCC_C_LANGUAGE_STANDARD = gnu17;
				GCC_DYNAMIC_NO_PIC = NO;
				GCC_NO_COMMON_BLOCKS = YES;
				GCC_OPTIMIZATION_LEVEL = 0;
				GCC_PREPROCESSOR_DEFINITIONS = (
					"DEBUG=1",
					"$(inherited)",
				);
				GCC_WARN_64_TO_32_BIT_CONVERSION = YES;
				GCC_WARN_ABOUT_RETURN_TYPE = YES_ERROR;
				GCC_WARN_UNDECLARED_SELECTOR = YES;
				GCC_WARN_UNINITIALIZED_AUTOS = YES_AGGRESSIVE;
				GCC_WARN_UNUSED_FUNCTION = YES;
				GCC_WARN_UNUSED_VARIABLE = YES;
				IPHONEOS_DEPLOYMENT_TARGET = 17.4;
				LOCALIZATION_PREFERS_STRING_CATALOGS = YES;
				MTL_ENABLE_DEBUG_INFO = INCLUDE_SOURCE;
				MTL_FAST_MATH = YES;
				ONLY_ACTIVE_ARCH = YES;
				SDKROOT = iphoneos;
				SWIFT_ACTIVE_COMPILATION_CONDITIONS = "DEBUG $(inherited)";
				SWIFT_OPTIMIZATION_LEVEL = "-Onone";
			};
			name = Debug;
		};
		84329A3C2BC81372001D2C39 /* Release */ = {
			isa = XCBuildConfiguration;
			buildSettings = {
				ALWAYS_SEARCH_USER_PATHS = NO;
				ASSETCATALOG_COMPILER_GENERATE_SWIFT_ASSET_SYMBOL_EXTENSIONS = YES;
				CLANG_ANALYZER_NONNULL = YES;
				CLANG_ANALYZER_NUMBER_OBJECT_CONVERSION = YES_AGGRESSIVE;
				CLANG_CXX_LANGUAGE_STANDARD = "gnu++20";
				CLANG_ENABLE_MODULES = YES;
				CLANG_ENABLE_OBJC_ARC = YES;
				CLANG_ENABLE_OBJC_WEAK = YES;
				CLANG_WARN_BLOCK_CAPTURE_AUTORELEASING = YES;
				CLANG_WARN_BOOL_CONVERSION = YES;
				CLANG_WARN_COMMA = YES;
				CLANG_WARN_CONSTANT_CONVERSION = YES;
				CLANG_WARN_DEPRECATED_OBJC_IMPLEMENTATIONS = YES;
				CLANG_WARN_DIRECT_OBJC_ISA_USAGE = YES_ERROR;
				CLANG_WARN_DOCUMENTATION_COMMENTS = YES;
				CLANG_WARN_EMPTY_BODY = YES;
				CLANG_WARN_ENUM_CONVERSION = YES;
				CLANG_WARN_INFINITE_RECURSION = YES;
				CLANG_WARN_INT_CONVERSION = YES;
				CLANG_WARN_NON_LITERAL_NULL_CONVERSION = YES;
				CLANG_WARN_OBJC_IMPLICIT_RETAIN_SELF = YES;
				CLANG_WARN_OBJC_LITERAL_CONVERSION = YES;
				CLANG_WARN_OBJC_ROOT_CLASS = YES_ERROR;
				CLANG_WARN_QUOTED_INCLUDE_IN_FRAMEWORK_HEADER = YES;
				CLANG_WARN_RANGE_LOOP_ANALYSIS = YES;
				CLANG_WARN_STRICT_PROTOTYPES = YES;
				CLANG_WARN_SUSPICIOUS_MOVE = YES;
				CLANG_WARN_UNGUARDED_AVAILABILITY = YES_AGGRESSIVE;
				CLANG_WARN_UNREACHABLE_CODE = YES;
				CLANG_WARN__DUPLICATE_METHOD_MATCH = YES;
				COPY_PHASE_STRIP = NO;
				DEBUG_INFORMATION_FORMAT = "dwarf-with-dsym";
				ENABLE_NS_ASSERTIONS = NO;
				ENABLE_STRICT_OBJC_MSGSEND = YES;
				ENABLE_USER_SCRIPT_SANDBOXING = YES;
				GCC_C_LANGUAGE_STANDARD = gnu17;
				GCC_NO_COMMON_BLOCKS = YES;
				GCC_WARN_64_TO_32_BIT_CONVERSION = YES;
				GCC_WARN_ABOUT_RETURN_TYPE = YES_ERROR;
				GCC_WARN_UNDECLARED_SELECTOR = YES;
				GCC_WARN_UNINITIALIZED_AUTOS = YES_AGGRESSIVE;
				GCC_WARN_UNUSED_FUNCTION = YES;
				GCC_WARN_UNUSED_VARIABLE = YES;
				IPHONEOS_DEPLOYMENT_TARGET = 17.4;
				LOCALIZATION_PREFERS_STRING_CATALOGS = YES;
				MTL_ENABLE_DEBUG_INFO = NO;
				MTL_FAST_MATH = YES;
				SDKROOT = iphoneos;
				SWIFT_COMPILATION_MODE = wholemodule;
				VALIDATE_PRODUCT = YES;
			};
			name = Release;
		};
		84329A3E2BC81372001D2C39 /* Debug */ = {
			isa = XCBuildConfiguration;
			buildSettings = {
				ASSETCATALOG_COMPILER_APPICON_NAME = AppIcon;
				ASSETCATALOG_COMPILER_GLOBAL_ACCENT_COLOR_NAME = AccentColor;
				CODE_SIGN_STYLE = Automatic;
				CURRENT_PROJECT_VERSION = 1;
				GENERATE_INFOPLIST_FILE = YES;
				INFOPLIST_FILE = PhotoApp/Info.plist;
				INFOPLIST_KEY_UIApplicationSupportsIndirectInputEvents = YES;
				INFOPLIST_KEY_UILaunchStoryboardName = LaunchScreen;
				INFOPLIST_KEY_UIMainStoryboardFile = Main;
				INFOPLIST_KEY_UISupportedInterfaceOrientations_iPad = "UIInterfaceOrientationPortrait UIInterfaceOrientationPortraitUpsideDown UIInterfaceOrientationLandscapeLeft UIInterfaceOrientationLandscapeRight";
				INFOPLIST_KEY_UISupportedInterfaceOrientations_iPhone = "UIInterfaceOrientationPortrait UIInterfaceOrientationLandscapeLeft UIInterfaceOrientationLandscapeRight";
				LD_RUNPATH_SEARCH_PATHS = (
					"$(inherited)",
					"@executable_path/Frameworks",
				);
				MARKETING_VERSION = 1.0;
				PRODUCT_BUNDLE_IDENTIFIER = com.aditya.PhotoApp;
				PRODUCT_NAME = "$(TARGET_NAME)";
				SUPPORTED_PLATFORMS = "iphoneos iphonesimulator";
				SUPPORTS_MACCATALYST = NO;
				SUPPORTS_XR_DESIGNED_FOR_IPHONE_IPAD = NO;
				SWIFT_EMIT_LOC_STRINGS = YES;
				SWIFT_VERSION = 5.0;
				TARGETED_DEVICE_FAMILY = "1,2";
			};
			name = Debug;
		};
		84329A3F2BC81372001D2C39 /* Release */ = {
			isa = XCBuildConfiguration;
			buildSettings = {
				ASSETCATALOG_COMPILER_APPICON_NAME = AppIcon;
				ASSETCATALOG_COMPILER_GLOBAL_ACCENT_COLOR_NAME = AccentColor;
				CODE_SIGN_STYLE = Automatic;
				CURRENT_PROJECT_VERSION = 1;
				GENERATE_INFOPLIST_FILE = YES;
				INFOPLIST_FILE = PhotoApp/Info.plist;
				INFOPLIST_KEY_UIApplicationSupportsIndirectInputEvents = YES;
				INFOPLIST_KEY_UILaunchStoryboardName = LaunchScreen;
				INFOPLIST_KEY_UIMainStoryboardFile = Main;
				INFOPLIST_KEY_UISupportedInterfaceOrientations_iPad = "UIInterfaceOrientationPortrait UIInterfaceOrientationPortraitUpsideDown UIInterfaceOrientationLandscapeLeft UIInterfaceOrientationLandscapeRight";
				INFOPLIST_KEY_UISupportedInterfaceOrientations_iPhone = "UIInterfaceOrientationPortrait UIInterfaceOrientationLandscapeLeft UIInterfaceOrientationLandscapeRight";
				LD_RUNPATH_SEARCH_PATHS = (
					"$(inherited)",
					"@executable_path/Frameworks",
				);
				MARKETING_VERSION = 1.0;
				PRODUCT_BUNDLE_IDENTIFIER = com.aditya.PhotoApp;
				PRODUCT_NAME = "$(TARGET_NAME)";
				SUPPORTED_PLATFORMS = "iphoneos iphonesimulator";
				SUPPORTS_MACCATALYST = NO;
				SUPPORTS_XR_DESIGNED_FOR_IPHONE_IPAD = NO;
				SWIFT_EMIT_LOC_STRINGS = YES;
				SWIFT_VERSION = 5.0;
				TARGETED_DEVICE_FAMILY = "1,2";
			};
			name = Release;
		};
		84329A412BC81372001D2C39 /* Debug */ = {
			isa = XCBuildConfiguration;
			buildSettings = {
				ALWAYS_EMBED_SWIFT_STANDARD_LIBRARIES = YES;
				BUNDLE_LOADER = "$(TEST_HOST)";
				CLANG_ENABLE_MODULES = YES;
				CODE_SIGN_STYLE = Automatic;
				CURRENT_PROJECT_VERSION = 1;
				GENERATE_INFOPLIST_FILE = YES;
				IPHONEOS_DEPLOYMENT_TARGET = 17.4;
				MARKETING_VERSION = 1.0;
				PRODUCT_BUNDLE_IDENTIFIER = com.aditya.PhotoAppTests;
				PRODUCT_NAME = "$(TARGET_NAME)";
				SUPPORTED_PLATFORMS = "iphoneos iphonesimulator";
				SUPPORTS_MACCATALYST = YES;
				SUPPORTS_MAC_DESIGNED_FOR_IPHONE_IPAD = NO;
				SUPPORTS_XR_DESIGNED_FOR_IPHONE_IPAD = NO;
				SWIFT_EMIT_LOC_STRINGS = NO;
				SWIFT_OPTIMIZATION_LEVEL = "-Onone";
				SWIFT_VERSION = 5.0;
				TARGETED_DEVICE_FAMILY = "1,2";
				TEST_HOST = "$(BUILT_PRODUCTS_DIR)/PhotoApp.app/$(BUNDLE_EXECUTABLE_FOLDER_PATH)/PhotoApp";
			};
			name = Debug;
		};
		84329A422BC81372001D2C39 /* Release */ = {
			isa = XCBuildConfiguration;
			buildSettings = {
				ALWAYS_EMBED_SWIFT_STANDARD_LIBRARIES = YES;
				BUNDLE_LOADER = "$(TEST_HOST)";
				CLANG_ENABLE_MODULES = YES;
				CODE_SIGN_STYLE = Automatic;
				CURRENT_PROJECT_VERSION = 1;
				GENERATE_INFOPLIST_FILE = YES;
				IPHONEOS_DEPLOYMENT_TARGET = 17.4;
				MARKETING_VERSION = 1.0;
				PRODUCT_BUNDLE_IDENTIFIER = com.aditya.PhotoAppTests;
				PRODUCT_NAME = "$(TARGET_NAME)";
				SUPPORTED_PLATFORMS = "iphoneos iphonesimulator";
				SUPPORTS_MACCATALYST = YES;
				SUPPORTS_MAC_DESIGNED_FOR_IPHONE_IPAD = NO;
				SUPPORTS_XR_DESIGNED_FOR_IPHONE_IPAD = NO;
				SWIFT_EMIT_LOC_STRINGS = NO;
				SWIFT_VERSION = 5.0;
				TARGETED_DEVICE_FAMILY = "1,2";
				TEST_HOST = "$(BUILT_PRODUCTS_DIR)/PhotoApp.app/$(BUNDLE_EXECUTABLE_FOLDER_PATH)/PhotoApp";
			};
			name = Release;
		};
		849CD3762BD21D000023A119 /* Debug */ = {
			isa = XCBuildConfiguration;
			buildSettings = {
				CODE_SIGN_STYLE = Automatic;
				CURRENT_PROJECT_VERSION = 1;
				GENERATE_INFOPLIST_FILE = YES;
				MARKETING_VERSION = 1.0;
				PRODUCT_BUNDLE_IDENTIFIER = com.aditya.PhotoAppUITests;
				PRODUCT_NAME = "$(TARGET_NAME)";
				SUPPORTED_PLATFORMS = "iphoneos iphonesimulator";
				SUPPORTS_MACCATALYST = YES;
				SUPPORTS_MAC_DESIGNED_FOR_IPHONE_IPAD = NO;
				SUPPORTS_XR_DESIGNED_FOR_IPHONE_IPAD = NO;
				SWIFT_EMIT_LOC_STRINGS = NO;
				SWIFT_VERSION = 5.0;
				TARGETED_DEVICE_FAMILY = "1,2";
				TEST_TARGET_NAME = PhotoApp;
			};
			name = Debug;
		};
		849CD3772BD21D000023A119 /* Release */ = {
			isa = XCBuildConfiguration;
			buildSettings = {
				CODE_SIGN_STYLE = Automatic;
				CURRENT_PROJECT_VERSION = 1;
				GENERATE_INFOPLIST_FILE = YES;
				MARKETING_VERSION = 1.0;
				PRODUCT_BUNDLE_IDENTIFIER = com.aditya.PhotoAppUITests;
				PRODUCT_NAME = "$(TARGET_NAME)";
				SUPPORTED_PLATFORMS = "iphoneos iphonesimulator";
				SUPPORTS_MACCATALYST = YES;
				SUPPORTS_MAC_DESIGNED_FOR_IPHONE_IPAD = NO;
				SUPPORTS_XR_DESIGNED_FOR_IPHONE_IPAD = NO;
				SWIFT_EMIT_LOC_STRINGS = NO;
				SWIFT_VERSION = 5.0;
				TARGETED_DEVICE_FAMILY = "1,2";
				TEST_TARGET_NAME = PhotoApp;
			};
			name = Release;
		};
/* End XCBuildConfiguration section */

/* Begin XCConfigurationList section */
		84329A0E2BC81371001D2C39 /* Build configuration list for PBXProject "PhotoApp" */ = {
			isa = XCConfigurationList;
			buildConfigurations = (
				84329A3B2BC81372001D2C39 /* Debug */,
				84329A3C2BC81372001D2C39 /* Release */,
			);
			defaultConfigurationIsVisible = 0;
			defaultConfigurationName = Release;
		};
		84329A3D2BC81372001D2C39 /* Build configuration list for PBXNativeTarget "PhotoApp" */ = {
			isa = XCConfigurationList;
			buildConfigurations = (
				84329A3E2BC81372001D2C39 /* Debug */,
				84329A3F2BC81372001D2C39 /* Release */,
			);
			defaultConfigurationIsVisible = 0;
			defaultConfigurationName = Release;
		};
		84329A402BC81372001D2C39 /* Build configuration list for PBXNativeTarget "PhotoAppTests" */ = {
			isa = XCConfigurationList;
			buildConfigurations = (
				84329A412BC81372001D2C39 /* Debug */,
				84329A422BC81372001D2C39 /* Release */,
			);
			defaultConfigurationIsVisible = 0;
			defaultConfigurationName = Release;
		};
		849CD3782BD21D000023A119 /* Build configuration list for PBXNativeTarget "PhotoAppUITests" */ = {
			isa = XCConfigurationList;
			buildConfigurations = (
				849CD3762BD21D000023A119 /* Debug */,
				849CD3772BD21D000023A119 /* Release */,
			);
			defaultConfigurationIsVisible = 0;
			defaultConfigurationName = Release;
		};
/* End XCConfigurationList section */
	};
	rootObject = 84329A0B2BC81371001D2C39 /* Project object */;
}
